// !$*UTF8*$!
{
	archiveVersion = 1;
	classes = {
	};
	objectVersion = 46;
	objects = {

/* Begin PBXBuildFile section */
		4C6F9D5A8FBB75E9590F1195 /* libPods-WeiNews.a in Frameworks */ = {isa = PBXBuildFile; fileRef = FF8662D7C7CF1864D3C46B13 /* libPods-WeiNews.a */; };
		54551ED91EB08B7C004DEF26 /* ViewController.m in Sources */ = {isa = PBXBuildFile; fileRef = 54551ED81EB08B7C004DEF26 /* ViewController.m */; };
		54551EDC1EB08B7C004DEF26 /* Main.storyboard in Resources */ = {isa = PBXBuildFile; fileRef = 54551EDA1EB08B7C004DEF26 /* Main.storyboard */; };
		54551EDE1EB08B7C004DEF26 /* Assets.xcassets in Resources */ = {isa = PBXBuildFile; fileRef = 54551EDD1EB08B7C004DEF26 /* Assets.xcassets */; };
		54551EE11EB08B7C004DEF26 /* LaunchScreen.storyboard in Resources */ = {isa = PBXBuildFile; fileRef = 54551EDF1EB08B7C004DEF26 /* LaunchScreen.storyboard */; };
		54551F081EB0A63D004DEF26 /* main.m in Sources */ = {isa = PBXBuildFile; fileRef = 54551F071EB0A63D004DEF26 /* main.m */; };
		54551F0D1EB0A650004DEF26 /* AppDelegate.m in Sources */ = {isa = PBXBuildFile; fileRef = 54551F0C1EB0A650004DEF26 /* AppDelegate.m */; };
		54551F0F1EB0A6AF004DEF26 /* Info.plist in Resources */ = {isa = PBXBuildFile; fileRef = 54551F0E1EB0A6AF004DEF26 /* Info.plist */; };
/* End PBXBuildFile section */

/* Begin PBXFileReference section */
		54551ECE1EB08B7C004DEF26 /* WeiNews.app */ = {isa = PBXFileReference; explicitFileType = wrapper.application; includeInIndex = 0; path = WeiNews.app; sourceTree = BUILT_PRODUCTS_DIR; };
		54551ED71EB08B7C004DEF26 /* ViewController.h */ = {isa = PBXFileReference; lastKnownFileType = sourcecode.c.h; name = ViewController.h; path = ../../ViewController.h; sourceTree = "<group>"; };
		54551ED81EB08B7C004DEF26 /* ViewController.m */ = {isa = PBXFileReference; lastKnownFileType = sourcecode.c.objc; name = ViewController.m; path = ../../ViewController.m; sourceTree = "<group>"; };
		54551EDB1EB08B7C004DEF26 /* Base */ = {isa = PBXFileReference; lastKnownFileType = file.storyboard; name = Base; path = Base.lproj/Main.storyboard; sourceTree = "<group>"; };
		54551EDD1EB08B7C004DEF26 /* Assets.xcassets */ = {isa = PBXFileReference; lastKnownFileType = folder.assetcatalog; path = Assets.xcassets; sourceTree = "<group>"; };
		54551EE01EB08B7C004DEF26 /* Base */ = {isa = PBXFileReference; lastKnownFileType = file.storyboard; name = Base; path = Base.lproj/LaunchScreen.storyboard; sourceTree = "<group>"; };
		54551F071EB0A63D004DEF26 /* main.m */ = {isa = PBXFileReference; fileEncoding = 4; lastKnownFileType = sourcecode.c.objc; path = main.m; sourceTree = "<group>"; };
		54551F0B1EB0A650004DEF26 /* AppDelegate.h */ = {isa = PBXFileReference; fileEncoding = 4; lastKnownFileType = sourcecode.c.h; path = AppDelegate.h; sourceTree = "<group>"; };
		54551F0C1EB0A650004DEF26 /* AppDelegate.m */ = {isa = PBXFileReference; fileEncoding = 4; lastKnownFileType = sourcecode.c.objc; path = AppDelegate.m; sourceTree = "<group>"; };
		54551F0E1EB0A6AF004DEF26 /* Info.plist */ = {isa = PBXFileReference; fileEncoding = 4; lastKnownFileType = text.plist.xml; path = Info.plist; sourceTree = "<group>"; };
		9B081DB92AE10F8FA815EAA9 /* Pods-WeiNews.debug.xcconfig */ = {isa = PBXFileReference; includeInIndex = 1; lastKnownFileType = text.xcconfig; name = "Pods-WeiNews.debug.xcconfig"; path = "Pods/Target Support Files/Pods-WeiNews/Pods-WeiNews.debug.xcconfig"; sourceTree = "<group>"; };
		D54FF88E51074292FEEFC55E /* Pods-WeiNews.release.xcconfig */ = {isa = PBXFileReference; includeInIndex = 1; lastKnownFileType = text.xcconfig; name = "Pods-WeiNews.release.xcconfig"; path = "Pods/Target Support Files/Pods-WeiNews/Pods-WeiNews.release.xcconfig"; sourceTree = "<group>"; };
		FF8662D7C7CF1864D3C46B13 /* libPods-WeiNews.a */ = {isa = PBXFileReference; explicitFileType = archive.ar; includeInIndex = 0; path = "libPods-WeiNews.a"; sourceTree = BUILT_PRODUCTS_DIR; };
/* End PBXFileReference section */

/* Begin PBXFrameworksBuildPhase section */
		54551ECB1EB08B7C004DEF26 /* Frameworks */ = {
			isa = PBXFrameworksBuildPhase;
			buildActionMask = 2147483647;
			files = (
				4C6F9D5A8FBB75E9590F1195 /* libPods-WeiNews.a in Frameworks */,
			);
			runOnlyForDeploymentPostprocessing = 0;
		};
/* End PBXFrameworksBuildPhase section */

/* Begin PBXGroup section */
		2F920A55800E73C6AC71B311 /* Frameworks */ = {
			isa = PBXGroup;
			children = (
				FF8662D7C7CF1864D3C46B13 /* libPods-WeiNews.a */,
			);
			name = Frameworks;
			sourceTree = "<group>";
		};
		3ABF034F8572D0D9FE3D0B50 /* Pods */ = {
			isa = PBXGroup;
			children = (
				9B081DB92AE10F8FA815EAA9 /* Pods-WeiNews.debug.xcconfig */,
				D54FF88E51074292FEEFC55E /* Pods-WeiNews.release.xcconfig */,
			);
			name = Pods;
			sourceTree = "<group>";
		};
		54551EC51EB08B7C004DEF26 = {
			isa = PBXGroup;
			children = (
				54551ED01EB08B7C004DEF26 /* WeiNews */,
				54551ECF1EB08B7C004DEF26 /* Products */,
				3ABF034F8572D0D9FE3D0B50 /* Pods */,
				2F920A55800E73C6AC71B311 /* Frameworks */,
			);
			sourceTree = "<group>";
		};
		54551ECF1EB08B7C004DEF26 /* Products */ = {
			isa = PBXGroup;
			children = (
				54551ECE1EB08B7C004DEF26 /* WeiNews.app */,
			);
			name = Products;
			sourceTree = "<group>";
		};
		54551ED01EB08B7C004DEF26 /* WeiNews */ = {
			isa = PBXGroup;
			children = (
				54551EE81EB0A57A004DEF26 /* Main(主要) */,
				54551EF81EB0A589004DEF26 /* Expand(扩展) */,
				54551F001EB0A596004DEF26 /* Resource(资源) */,
				54551F061EB0A5AE004DEF26 /* Vender(第三方) */,
				54551F051EB0A5A3004DEF26 /* SDKFile(集成) */,
				54551EDA1EB08B7C004DEF26 /* Main.storyboard */,
				54551EDD1EB08B7C004DEF26 /* Assets.xcassets */,
				54551EDF1EB08B7C004DEF26 /* LaunchScreen.storyboard */,
				54551ED11EB08B7C004DEF26 /* Supporting Files */,
			);
			path = WeiNews;
			sourceTree = "<group>";
		};
		54551ED11EB08B7C004DEF26 /* Supporting Files */ = {
			isa = PBXGroup;
			children = (
			);
			name = "Supporting Files";
			sourceTree = "<group>";
		};
		54551EE81EB0A57A004DEF26 /* Main(主要) */ = {
			isa = PBXGroup;
			children = (
				54551F151EB0A7C0004DEF26 /* Base(基础) */,
				54551F1A1EB0A7CB004DEF26 /* LogIn(登录) */,
				54551F1F1EB0A7DA004DEF26 /* Public(公共) */,
				54551EE91EB0A57A004DEF26 /* Collection(收藏) */,
				54551EEE1EB0A57A004DEF26 /* Home(首页) */,
				54551EF31EB0A57A004DEF26 /* Share(分享) */,
			);
			path = "Main(主要)";
			sourceTree = "<group>";
		};
		54551EE91EB0A57A004DEF26 /* Collection(收藏) */ = {
			isa = PBXGroup;
			children = (
				54551EEA1EB0A57A004DEF26 /* Controller */,
				54551EEB1EB0A57A004DEF26 /* Model */,
				54551EEC1EB0A57A004DEF26 /* Other */,
				54551EED1EB0A57A004DEF26 /* View */,
			);
			path = "Collection(收藏)";
			sourceTree = "<group>";
		};
		54551EEA1EB0A57A004DEF26 /* Controller */ = {
			isa = PBXGroup;
			children = (
			);
			path = Controller;
			sourceTree = "<group>";
		};
		54551EEB1EB0A57A004DEF26 /* Model */ = {
			isa = PBXGroup;
			children = (
			);
			path = Model;
			sourceTree = "<group>";
		};
		54551EEC1EB0A57A004DEF26 /* Other */ = {
			isa = PBXGroup;
			children = (
			);
			path = Other;
			sourceTree = "<group>";
		};
		54551EED1EB0A57A004DEF26 /* View */ = {
			isa = PBXGroup;
			children = (
			);
			path = View;
			sourceTree = "<group>";
		};
		54551EEE1EB0A57A004DEF26 /* Home(首页) */ = {
			isa = PBXGroup;
			children = (
				54551EEF1EB0A57A004DEF26 /* Controller */,
				54551EF01EB0A57A004DEF26 /* Model */,
				54551EF11EB0A57A004DEF26 /* Other */,
				54551EF21EB0A57A004DEF26 /* View */,
			);
			path = "Home(首页)";
			sourceTree = "<group>";
		};
		54551EEF1EB0A57A004DEF26 /* Controller */ = {
			isa = PBXGroup;
			children = (
			);
			path = Controller;
			sourceTree = "<group>";
		};
		54551EF01EB0A57A004DEF26 /* Model */ = {
			isa = PBXGroup;
			children = (
			);
			path = Model;
			sourceTree = "<group>";
		};
		54551EF11EB0A57A004DEF26 /* Other */ = {
			isa = PBXGroup;
			children = (
			);
			path = Other;
			sourceTree = "<group>";
		};
		54551EF21EB0A57A004DEF26 /* View */ = {
			isa = PBXGroup;
			children = (
			);
			path = View;
			sourceTree = "<group>";
		};
		54551EF31EB0A57A004DEF26 /* Share(分享) */ = {
			isa = PBXGroup;
			children = (
				54551EF41EB0A57A004DEF26 /* Controller */,
				54551EF51EB0A57A004DEF26 /* Model */,
				54551EF61EB0A57A004DEF26 /* Other */,
				54551EF71EB0A57A004DEF26 /* View */,
			);
			path = "Share(分享)";
			sourceTree = "<group>";
		};
		54551EF41EB0A57A004DEF26 /* Controller */ = {
			isa = PBXGroup;
			children = (
			);
			path = Controller;
			sourceTree = "<group>";
		};
		54551EF51EB0A57A004DEF26 /* Model */ = {
			isa = PBXGroup;
			children = (
			);
			path = Model;
			sourceTree = "<group>";
		};
		54551EF61EB0A57A004DEF26 /* Other */ = {
			isa = PBXGroup;
			children = (
			);
			path = Other;
			sourceTree = "<group>";
		};
		54551EF71EB0A57A004DEF26 /* View */ = {
			isa = PBXGroup;
			children = (
			);
			path = View;
			sourceTree = "<group>";
		};
		54551EF81EB0A589004DEF26 /* Expand(扩展) */ = {
			isa = PBXGroup;
			children = (
				54551EF91EB0A589004DEF26 /* Category(分类) */,
				54551EFA1EB0A589004DEF26 /* Const(常量) */,
				54551EFB1EB0A589004DEF26 /* Controls(自定义控件) */,
				54551EFC1EB0A589004DEF26 /* DataBase(数据库) */,
				54551EFD1EB0A589004DEF26 /* Macros(宏) */,
				54551EFE1EB0A589004DEF26 /* Network(网络) */,
				54551EFF1EB0A589004DEF26 /* Tool(工具类) */,
			);
			path = "Expand(扩展)";
			sourceTree = "<group>";
		};
		54551EF91EB0A589004DEF26 /* Category(分类) */ = {
			isa = PBXGroup;
			children = (
			);
			path = "Category(分类)";
			sourceTree = "<group>";
		};
		54551EFA1EB0A589004DEF26 /* Const(常量) */ = {
			isa = PBXGroup;
			children = (
			);
			path = "Const(常量)";
			sourceTree = "<group>";
		};
		54551EFB1EB0A589004DEF26 /* Controls(自定义控件) */ = {
			isa = PBXGroup;
			children = (
			);
			path = "Controls(自定义控件)";
			sourceTree = "<group>";
		};
		54551EFC1EB0A589004DEF26 /* DataBase(数据库) */ = {
			isa = PBXGroup;
			children = (
			);
			path = "DataBase(数据库)";
			sourceTree = "<group>";
		};
		54551EFD1EB0A589004DEF26 /* Macros(宏) */ = {
			isa = PBXGroup;
			children = (
			);
			path = "Macros(宏)";
			sourceTree = "<group>";
		};
		54551EFE1EB0A589004DEF26 /* Network(网络) */ = {
			isa = PBXGroup;
			children = (
			);
			path = "Network(网络)";
			sourceTree = "<group>";
		};
		54551EFF1EB0A589004DEF26 /* Tool(工具类) */ = {
			isa = PBXGroup;
			children = (
			);
			path = "Tool(工具类)";
			sourceTree = "<group>";
		};
		54551F001EB0A596004DEF26 /* Resource(资源) */ = {
			isa = PBXGroup;
			children = (
				54551F011EB0A596004DEF26 /* AppDelegate */,
				54551F021EB0A596004DEF26 /* Global */,
				54551F031EB0A596004DEF26 /* Image */,
				54551F041EB0A596004DEF26 /* Plist */,
			);
			path = "Resource(资源)";
			sourceTree = "<group>";
		};
		54551F011EB0A596004DEF26 /* AppDelegate */ = {
			isa = PBXGroup;
			children = (
				54551F0B1EB0A650004DEF26 /* AppDelegate.h */,
				54551F0C1EB0A650004DEF26 /* AppDelegate.m */,
			);
			path = AppDelegate;
			sourceTree = "<group>";
		};
		54551F021EB0A596004DEF26 /* Global */ = {
			isa = PBXGroup;
			children = (
				54551ED71EB08B7C004DEF26 /* ViewController.h */,
				54551ED81EB08B7C004DEF26 /* ViewController.m */,
				54551F071EB0A63D004DEF26 /* main.m */,
			);
			path = Global;
			sourceTree = "<group>";
		};
		54551F031EB0A596004DEF26 /* Image */ = {
			isa = PBXGroup;
			children = (
			);
			path = Image;
			sourceTree = "<group>";
		};
		54551F041EB0A596004DEF26 /* Plist */ = {
			isa = PBXGroup;
			children = (
				54551F0E1EB0A6AF004DEF26 /* Info.plist */,
			);
			path = Plist;
			sourceTree = "<group>";
		};
		54551F051EB0A5A3004DEF26 /* SDKFile(集成) */ = {
			isa = PBXGroup;
			children = (
			);
			path = "SDKFile(集成)";
			sourceTree = "<group>";
		};
		54551F061EB0A5AE004DEF26 /* Vender(第三方) */ = {
			isa = PBXGroup;
			children = (
			);
			path = "Vender(第三方)";
			sourceTree = "<group>";
		};
		54551F151EB0A7C0004DEF26 /* Base(基础) */ = {
			isa = PBXGroup;
			children = (
				54551F161EB0A7C0004DEF26 /* Controller */,
				54551F171EB0A7C0004DEF26 /* Model */,
				54551F181EB0A7C0004DEF26 /* Other */,
				54551F191EB0A7C0004DEF26 /* View */,
			);
			path = "Base(基础)";
			sourceTree = "<group>";
		};
		54551F161EB0A7C0004DEF26 /* Controller */ = {
			isa = PBXGroup;
			children = (
			);
			path = Controller;
			sourceTree = "<group>";
		};
		54551F171EB0A7C0004DEF26 /* Model */ = {
			isa = PBXGroup;
			children = (
			);
			path = Model;
			sourceTree = "<group>";
		};
		54551F181EB0A7C0004DEF26 /* Other */ = {
			isa = PBXGroup;
			children = (
			);
			path = Other;
			sourceTree = "<group>";
		};
		54551F191EB0A7C0004DEF26 /* View */ = {
			isa = PBXGroup;
			children = (
			);
			path = View;
			sourceTree = "<group>";
		};
		54551F1A1EB0A7CB004DEF26 /* LogIn(登录) */ = {
			isa = PBXGroup;
			children = (
				54551F1B1EB0A7CB004DEF26 /* Controller */,
				54551F1C1EB0A7CB004DEF26 /* Model */,
				54551F1D1EB0A7CB004DEF26 /* Other */,
				54551F1E1EB0A7CB004DEF26 /* View */,
			);
			path = "LogIn(登录)";
			sourceTree = "<group>";
		};
		54551F1B1EB0A7CB004DEF26 /* Controller */ = {
			isa = PBXGroup;
			children = (
			);
			path = Controller;
			sourceTree = "<group>";
		};
		54551F1C1EB0A7CB004DEF26 /* Model */ = {
			isa = PBXGroup;
			children = (
			);
			path = Model;
			sourceTree = "<group>";
		};
		54551F1D1EB0A7CB004DEF26 /* Other */ = {
			isa = PBXGroup;
			children = (
			);
			path = Other;
			sourceTree = "<group>";
		};
		54551F1E1EB0A7CB004DEF26 /* View */ = {
			isa = PBXGroup;
			children = (
			);
			path = View;
			sourceTree = "<group>";
		};
		54551F1F1EB0A7DA004DEF26 /* Public(公共) */ = {
			isa = PBXGroup;
			children = (
				54551F201EB0A7DA004DEF26 /* Controller */,
				54551F211EB0A7DA004DEF26 /* Model */,
				54551F221EB0A7DA004DEF26 /* Other */,
				54551F231EB0A7DA004DEF26 /* View */,
			);
			path = "Public(公共)";
			sourceTree = "<group>";
		};
		54551F201EB0A7DA004DEF26 /* Controller */ = {
			isa = PBXGroup;
			children = (
			);
			path = Controller;
			sourceTree = "<group>";
		};
		54551F211EB0A7DA004DEF26 /* Model */ = {
			isa = PBXGroup;
			children = (
			);
			path = Model;
			sourceTree = "<group>";
		};
		54551F221EB0A7DA004DEF26 /* Other */ = {
			isa = PBXGroup;
			children = (
			);
			path = Other;
			sourceTree = "<group>";
		};
		54551F231EB0A7DA004DEF26 /* View */ = {
			isa = PBXGroup;
			children = (
			);
			path = View;
			sourceTree = "<group>";
		};
/* End PBXGroup section */

/* Begin PBXNativeTarget section */
		54551ECD1EB08B7C004DEF26 /* WeiNews */ = {
			isa = PBXNativeTarget;
			buildConfigurationList = 54551EE51EB08B7C004DEF26 /* Build configuration list for PBXNativeTarget "WeiNews" */;
			buildPhases = (
				39E7CA7D58679BF999600867 /* [CP] Check Pods Manifest.lock */,
				54551ECA1EB08B7C004DEF26 /* Sources */,
				54551ECB1EB08B7C004DEF26 /* Frameworks */,
				54551ECC1EB08B7C004DEF26 /* Resources */,
				54A92FB8051B03D0CCECEB9E /* [CP] Embed Pods Frameworks */,
				5D23158EBF04D95987396111 /* [CP] Copy Pods Resources */,
			);
			buildRules = (
			);
			dependencies = (
			);
			name = WeiNews;
			productName = WeiNews;
			productReference = 54551ECE1EB08B7C004DEF26 /* WeiNews.app */;
			productType = "com.apple.product-type.application";
		};
/* End PBXNativeTarget section */

/* Begin PBXProject section */
		54551EC61EB08B7C004DEF26 /* Project object */ = {
			isa = PBXProject;
			attributes = {
				LastUpgradeCheck = 0830;
				ORGANIZATIONNAME = Anchoriter;
				TargetAttributes = {
					54551ECD1EB08B7C004DEF26 = {
						CreatedOnToolsVersion = 8.3.1;
						DevelopmentTeam = KR6EC3MJZK;
						ProvisioningStyle = Automatic;
					};
				};
			};
			buildConfigurationList = 54551EC91EB08B7C004DEF26 /* Build configuration list for PBXProject "WeiNews" */;
			compatibilityVersion = "Xcode 3.2";
			developmentRegion = English;
			hasScannedForEncodings = 0;
			knownRegions = (
				en,
				Base,
			);
			mainGroup = 54551EC51EB08B7C004DEF26;
			productRefGroup = 54551ECF1EB08B7C004DEF26 /* Products */;
			projectDirPath = "";
			projectRoot = "";
			targets = (
				54551ECD1EB08B7C004DEF26 /* WeiNews */,
			);
		};
/* End PBXProject section */

/* Begin PBXResourcesBuildPhase section */
		54551ECC1EB08B7C004DEF26 /* Resources */ = {
			isa = PBXResourcesBuildPhase;
			buildActionMask = 2147483647;
			files = (
				54551F0F1EB0A6AF004DEF26 /* Info.plist in Resources */,
				54551EE11EB08B7C004DEF26 /* LaunchScreen.storyboard in Resources */,
				54551EDE1EB08B7C004DEF26 /* Assets.xcassets in Resources */,
				54551EDC1EB08B7C004DEF26 /* Main.storyboard in Resources */,
			);
			runOnlyForDeploymentPostprocessing = 0;
		};
/* End PBXResourcesBuildPhase section */

/* Begin PBXShellScriptBuildPhase section */
		39E7CA7D58679BF999600867 /* [CP] Check Pods Manifest.lock */ = {
			isa = PBXShellScriptBuildPhase;
			buildActionMask = 2147483647;
			files = (
			);
			inputPaths = (
			);
			name = "[CP] Check Pods Manifest.lock";
			outputPaths = (
			);
			runOnlyForDeploymentPostprocessing = 0;
			shellPath = /bin/sh;
			shellScript = "diff \"${PODS_PODFILE_DIR_PATH}/Podfile.lock\" \"${PODS_ROOT}/Manifest.lock\" > /dev/null\nif [ $? != 0 ] ; then\n    # print error to STDERR\n    echo \"error: The sandbox is not in sync with the Podfile.lock. Run 'pod install' or update your CocoaPods installation.\" >&2\n    exit 1\nfi\n";
			showEnvVarsInLog = 0;
		};
		54A92FB8051B03D0CCECEB9E /* [CP] Embed Pods Frameworks */ = {
			isa = PBXShellScriptBuildPhase;
			buildActionMask = 2147483647;
			files = (
			);
			inputPaths = (
			);
			name = "[CP] Embed Pods Frameworks";
			outputPaths = (
			);
			runOnlyForDeploymentPostprocessing = 0;
			shellPath = /bin/sh;
			shellScript = "\"${SRCROOT}/Pods/Target Support Files/Pods-WeiNews/Pods-WeiNews-frameworks.sh\"\n";
			showEnvVarsInLog = 0;
		};
		5D23158EBF04D95987396111 /* [CP] Copy Pods Resources */ = {
			isa = PBXShellScriptBuildPhase;
			buildActionMask = 2147483647;
			files = (
			);
			inputPaths = (
			);
			name = "[CP] Copy Pods Resources";
			outputPaths = (
			);
			runOnlyForDeploymentPostprocessing = 0;
			shellPath = /bin/sh;
			shellScript = "\"${SRCROOT}/Pods/Target Support Files/Pods-WeiNews/Pods-WeiNews-resources.sh\"\n";
			showEnvVarsInLog = 0;
		};
/* End PBXShellScriptBuildPhase section */

/* Begin PBXSourcesBuildPhase section */
		54551ECA1EB08B7C004DEF26 /* Sources */ = {
			isa = PBXSourcesBuildPhase;
			buildActionMask = 2147483647;
			files = (
				54551F081EB0A63D004DEF26 /* main.m in Sources */,
				54551ED91EB08B7C004DEF26 /* ViewController.m in Sources */,
				54551F0D1EB0A650004DEF26 /* AppDelegate.m in Sources */,
			);
			runOnlyForDeploymentPostprocessing = 0;
		};
/* End PBXSourcesBuildPhase section */

/* Begin PBXVariantGroup section */
		54551EDA1EB08B7C004DEF26 /* Main.storyboard */ = {
			isa = PBXVariantGroup;
			children = (
				54551EDB1EB08B7C004DEF26 /* Base */,
			);
			name = Main.storyboard;
			sourceTree = "<group>";
		};
		54551EDF1EB08B7C004DEF26 /* LaunchScreen.storyboard */ = {
			isa = PBXVariantGroup;
			children = (
				54551EE01EB08B7C004DEF26 /* Base */,
			);
			name = LaunchScreen.storyboard;
			sourceTree = "<group>";
		};
/* End PBXVariantGroup section */

/* Begin XCBuildConfiguration section */
		54551EE31EB08B7C004DEF26 /* Debug */ = {
			isa = XCBuildConfiguration;
			buildSettings = {
				ALWAYS_SEARCH_USER_PATHS = NO;
				CLANG_ANALYZER_NONNULL = YES;
				CLANG_ANALYZER_NUMBER_OBJECT_CONVERSION = YES_AGGRESSIVE;
				CLANG_CXX_LANGUAGE_STANDARD = "gnu++0x";
				CLANG_CXX_LIBRARY = "libc++";
				CLANG_ENABLE_MODULES = YES;
				CLANG_ENABLE_OBJC_ARC = YES;
				CLANG_WARN_BOOL_CONVERSION = YES;
				CLANG_WARN_CONSTANT_CONVERSION = YES;
				CLANG_WARN_DIRECT_OBJC_ISA_USAGE = YES_ERROR;
				CLANG_WARN_DOCUMENTATION_COMMENTS = YES;
				CLANG_WARN_EMPTY_BODY = YES;
				CLANG_WARN_ENUM_CONVERSION = YES;
				CLANG_WARN_INFINITE_RECURSION = YES;
				CLANG_WARN_INT_CONVERSION = YES;
				CLANG_WARN_OBJC_ROOT_CLASS = YES_ERROR;
				CLANG_WARN_SUSPICIOUS_MOVE = YES;
				CLANG_WARN_UNREACHABLE_CODE = YES;
				CLANG_WARN__DUPLICATE_METHOD_MATCH = YES;
				"CODE_SIGN_IDENTITY[sdk=iphoneos*]" = "iPhone Developer";
				COPY_PHASE_STRIP = NO;
				DEBUG_INFORMATION_FORMAT = dwarf;
				ENABLE_STRICT_OBJC_MSGSEND = YES;
				ENABLE_TESTABILITY = YES;
				GCC_C_LANGUAGE_STANDARD = gnu99;
				GCC_DYNAMIC_NO_PIC = NO;
				GCC_NO_COMMON_BLOCKS = YES;
				GCC_OPTIMIZATION_LEVEL = 0;
				GCC_PREPROCESSOR_DEFINITIONS = (
					"DEBUG=1",
					"$(inherited)",
				);
				GCC_WARN_64_TO_32_BIT_CONVERSION = YES;
				GCC_WARN_ABOUT_RETURN_TYPE = YES_ERROR;
				GCC_WARN_UNDECLARED_SELECTOR = YES;
				GCC_WARN_UNINITIALIZED_AUTOS = YES_AGGRESSIVE;
				GCC_WARN_UNUSED_FUNCTION = YES;
				GCC_WARN_UNUSED_VARIABLE = YES;
				IPHONEOS_DEPLOYMENT_TARGET = 10.3;
				MTL_ENABLE_DEBUG_INFO = YES;
				ONLY_ACTIVE_ARCH = YES;
				SDKROOT = iphoneos;
			};
			name = Debug;
		};
		54551EE41EB08B7C004DEF26 /* Release */ = {
			isa = XCBuildConfiguration;
			buildSettings = {
				ALWAYS_SEARCH_USER_PATHS = NO;
				CLANG_ANALYZER_NONNULL = YES;
				CLANG_ANALYZER_NUMBER_OBJECT_CONVERSION = YES_AGGRESSIVE;
				CLANG_CXX_LANGUAGE_STANDARD = "gnu++0x";
				CLANG_CXX_LIBRARY = "libc++";
				CLANG_ENABLE_MODULES = YES;
				CLANG_ENABLE_OBJC_ARC = YES;
				CLANG_WARN_BOOL_CONVERSION = YES;
				CLANG_WARN_CONSTANT_CONVERSION = YES;
				CLANG_WARN_DIRECT_OBJC_ISA_USAGE = YES_ERROR;
				CLANG_WARN_DOCUMENTATION_COMMENTS = YES;
				CLANG_WARN_EMPTY_BODY = YES;
				CLANG_WARN_ENUM_CONVERSION = YES;
				CLANG_WARN_INFINITE_RECURSION = YES;
				CLANG_WARN_INT_CONVERSION = YES;
				CLANG_WARN_OBJC_ROOT_CLASS = YES_ERROR;
				CLANG_WARN_SUSPICIOUS_MOVE = YES;
				CLANG_WARN_UNREACHABLE_CODE = YES;
				CLANG_WARN__DUPLICATE_METHOD_MATCH = YES;
				"CODE_SIGN_IDENTITY[sdk=iphoneos*]" = "iPhone Developer";
				COPY_PHASE_STRIP = NO;
				DEBUG_INFORMATION_FORMAT = "dwarf-with-dsym";
				ENABLE_NS_ASSERTIONS = NO;
				ENABLE_STRICT_OBJC_MSGSEND = YES;
				GCC_C_LANGUAGE_STANDARD = gnu99;
				GCC_NO_COMMON_BLOCKS = YES;
				GCC_WARN_64_TO_32_BIT_CONVERSION = YES;
				GCC_WARN_ABOUT_RETURN_TYPE = YES_ERROR;
				GCC_WARN_UNDECLARED_SELECTOR = YES;
				GCC_WARN_UNINITIALIZED_AUTOS = YES_AGGRESSIVE;
				GCC_WARN_UNUSED_FUNCTION = YES;
				GCC_WARN_UNUSED_VARIABLE = YES;
				IPHONEOS_DEPLOYMENT_TARGET = 10.3;
				MTL_ENABLE_DEBUG_INFO = NO;
				SDKROOT = iphoneos;
				VALIDATE_PRODUCT = YES;
			};
			name = Release;
		};
		54551EE61EB08B7C004DEF26 /* Debug */ = {
			isa = XCBuildConfiguration;
			baseConfigurationReference = 9B081DB92AE10F8FA815EAA9 /* Pods-WeiNews.debug.xcconfig */;
			buildSettings = {
				ASSETCATALOG_COMPILER_APPICON_NAME = AppIcon;
				DEVELOPMENT_TEAM = KR6EC3MJZK;
				INFOPLIST_FILE = WeiNews/Info.plist;
				IPHONEOS_DEPLOYMENT_TARGET = 8.0;
				LD_RUNPATH_SEARCH_PATHS = "$(inherited) @executable_path/Frameworks";
				PRODUCT_BUNDLE_IDENTIFIER = com.shiyue.WeiNews;
				PRODUCT_NAME = "$(TARGET_NAME)";
			};
			name = Debug;
		};
		54551EE71EB08B7C004DEF26 /* Release */ = {
			isa = XCBuildConfiguration;
			baseConfigurationReference = D54FF88E51074292FEEFC55E /* Pods-WeiNews.release.xcconfig */;
			buildSettings = {
				ASSETCATALOG_COMPILER_APPICON_NAME = AppIcon;
				DEVELOPMENT_TEAM = KR6EC3MJZK;
				INFOPLIST_FILE = WeiNews/Info.plist;
				IPHONEOS_DEPLOYMENT_TARGET = 8.0;
				LD_RUNPATH_SEARCH_PATHS = "$(inherited) @executable_path/Frameworks";
				PRODUCT_BUNDLE_IDENTIFIER = com.shiyue.WeiNews;
				PRODUCT_NAME = "$(TARGET_NAME)";
			};
			name = Release;
		};
/* End XCBuildConfiguration section */

/* Begin XCConfigurationList section */
		54551EC91EB08B7C004DEF26 /* Build configuration list for PBXProject "WeiNews" */ = {
			isa = XCConfigurationList;
			buildConfigurations = (
				54551EE31EB08B7C004DEF26 /* Debug */,
				54551EE41EB08B7C004DEF26 /* Release */,
			);
			defaultConfigurationIsVisible = 0;
			defaultConfigurationName = Release;
		};
		54551EE51EB08B7C004DEF26 /* Build configuration list for PBXNativeTarget "WeiNews" */ = {
			isa = XCConfigurationList;
			buildConfigurations = (
				54551EE61EB08B7C004DEF26 /* Debug */,
				54551EE71EB08B7C004DEF26 /* Release */,
			);
			defaultConfigurationIsVisible = 0;
		};
/* End XCConfigurationList section */
	};
	rootObject = 54551EC61EB08B7C004DEF26 /* Project object */;
}
